
Microsoft Visual Studio Solution File, Format Version 12.00
# Visual Studio Version 17
VisualStudioVersion = 17.5.33424.131
MinimumVisualStudioVersion = 10.0.40219.1
Project("{FAE04EC0-301F-11D3-BF4B-00C04F79EFBC}") = "TestGithubPipeline", "TestGithubPipeline\TestGithubPipeline.csproj", "{56E4956C-EE95-4A3E-8FD4-2EACE89DA7F9}"
EndProject
Global
	GlobalSection(SolutionConfigurationPlatforms) = preSolution
		Debug|Any CPU = Debug|Any CPU
		Release|Any CPU = Release|Any CPU
		staging|Any CPU = staging|Any CPU
	EndGlobalSection
	GlobalSection(ProjectConfigurationPlatforms) = postSolution
		{56E4956C-EE95-4A3E-8FD4-2EACE89DA7F9}.Debug|Any CPU.ActiveCfg = Debug|Any CPU
		{56E4956C-EE95-4A3E-8FD4-2EACE89DA7F9}.Debug|Any CPU.Build.0 = Debug|Any CPU
		{56E4956C-EE95-4A3E-8FD4-2EACE89DA7F9}.Release|Any CPU.ActiveCfg = Release|Any CPU
		{56E4956C-EE95-4A3E-8FD4-2EACE89DA7F9}.Release|Any CPU.Build.0 = Release|Any CPU
		{56E4956C-EE95-4A3E-8FD4-2EACE89DA7F9}.staging|Any CPU.ActiveCfg = staging|Any CPU
		{56E4956C-EE95-4A3E-8FD4-2EACE89DA7F9}.staging|Any CPU.Build.0 = staging|Any CPU
	EndGlobalSection
	GlobalSection(SolutionProperties) = preSolution
		HideSolutionNode = FALSE
	EndGlobalSection
	GlobalSection(ExtensibilityGlobals) = postSolution
		SolutionGuid = {3168F9EA-054F-4F6A-8206-C97CAEAA863F}
	EndGlobalSection
EndGlobal
